{
  "requires": true,
  "lockfileVersion": 1,
  "dependencies": {
    "terminus-clickable-links": {
      "version": "1.0.2",
      "resolved": "https://registry.npmjs.org/terminus-clickable-links/-/terminus-clickable-links-1.0.2.tgz",
      "integrity": "sha512-lM7Zi1eu9whQsxKqI4zzuCTGnMpLD/i3TaVB/kx/wLfPy4/IABTKDWWMQKQ8qmKffDE85sBAW0m1Ix2r9M1KIQ==",
      "requires": {
        "untildify": "^3.0.2"
      }
    },
    "untildify": {
      "version": "3.0.3",
      "resolved": "https://registry.npmjs.org/untildify/-/untildify-3.0.3.tgz",
      "integrity": "sha512-iSk/J8efr8uPT/Z4eSUywnqyrQU7DSdMfdqK4iWEaUVVmcP5JcnpRqmVMwcwcnmI1ATFNgC5V90u09tBynNFKA=="
    }
  }
}
